
Microsoft Visual Studio Solution File, Format Version 12.00
# Visual Studio Version 17
VisualStudioVersion = 17.7.34031.279
MinimumVisualStudioVersion = 10.0.40219.1
Project("{FAE04EC0-301F-11D3-BF4B-00C04F79EFBC}") = "ConsoleApp1", "ConsoleApp1\ConsoleApp1.csproj", "{720376FE-658D-4815-9429-1F019338BE41}"
EndProject
Global
	GlobalSection(SolutionConfigurationPlatforms) = preSolution
		Debug|Any CPU = Debug|Any CPU
		Release|Any CPU = Release|Any CPU
	EndGlobalSection
	GlobalSection(ProjectConfigurationPlatforms) = postSolution
		{720376FE-658D-4815-9429-1F019338BE41}.Debug|Any CPU.ActiveCfg = Debug|Any CPU
		{720376FE-658D-4815-9429-1F019338BE41}.Debug|Any CPU.Build.0 = Debug|Any CPU
		{720376FE-658D-4815-9429-1F019338BE41}.Release|Any CPU.ActiveCfg = Release|Any CPU
		{720376FE-658D-4815-9429-1F019338BE41}.Release|Any CPU.Build.0 = Release|Any CPU
	EndGlobalSection
	GlobalSection(SolutionProperties) = preSolution
		HideSolutionNode = FALSE
	EndGlobalSection
	GlobalSection(ExtensibilityGlobals) = postSolution
		SolutionGuid = {0D121FBB-8631-45FD-9B16-5D236B33E544}
	EndGlobalSection
EndGlobal
